
Microsoft Visual Studio Solution File, Format Version 12.00
# Visual Studio Version 17
VisualStudioVersion = 17.14.36414.22 d17.14
MinimumVisualStudioVersion = 10.0.40219.1
Project("{FAE04EC0-301F-11D3-BF4B-00C04F79EFBC}") = "ProjektopgaveNordicfurniture", "ProjektopgaveNordicfurniture.csproj", "{F3546822-5FD4-4C7C-B4CA-6FEAE8F2CC2E}"
EndProject
Global
	GlobalSection(SolutionConfigurationPlatforms) = preSolution
		Debug|Any CPU = Debug|Any CPU
		Release|Any CPU = Release|Any CPU
	EndGlobalSection
	GlobalSection(ProjectConfigurationPlatforms) = postSolution
		{F3546822-5FD4-4C7C-B4CA-6FEAE8F2CC2E}.Debug|Any CPU.ActiveCfg = Debug|Any CPU
		{F3546822-5FD4-4C7C-B4CA-6FEAE8F2CC2E}.Debug|Any CPU.Build.0 = Debug|Any CPU
		{F3546822-5FD4-4C7C-B4CA-6FEAE8F2CC2E}.Release|Any CPU.ActiveCfg = Release|Any CPU
		{F3546822-5FD4-4C7C-B4CA-6FEAE8F2CC2E}.Release|Any CPU.Build.0 = Release|Any CPU
	EndGlobalSection
	GlobalSection(SolutionProperties) = preSolution
		HideSolutionNode = FALSE
	EndGlobalSection
	GlobalSection(ExtensibilityGlobals) = postSolution
		SolutionGuid = {28EBC1F0-F925-47FA-944E-7283DE0E29D7}
	EndGlobalSection
EndGlobal
